
Microsoft Visual Studio Solution File, Format Version 12.00
# Visual Studio 15
VisualStudioVersion = 15.0.27130.2010
MinimumVisualStudioVersion = 10.0.40219.1
Project("{9A19103F-16F7-4668-BE54-9A1E7A4F7556}") = "notifier-engine", "notifier-engine\notifier-engine.csproj", "{CDE19F10-DA38-4ED7-AFB2-3AC481B41335}"
EndProject
Project("{9A19103F-16F7-4668-BE54-9A1E7A4F7556}") = "notifier-console-core", "notifier-console-core\notifier-console-core.csproj", "{7DB10E46-5A6C-4122-AF87-B489AF519060}"
EndProject
Project("{9A19103F-16F7-4668-BE54-9A1E7A4F7556}") = "notifier-bitbucket", "notifier-bitbucket\notifier-bitbucket.csproj", "{C9C5BBA7-20BC-49DA-80E4-4D45398F8DEB}"
EndProject
Project("{9A19103F-16F7-4668-BE54-9A1E7A4F7556}") = "notifier-contracts", "notifier-contracts\notifier-contracts.csproj", "{DF1E273C-0A17-4BC5-A2D8-182AE1704BFA}"
EndProject
Project("{9A19103F-16F7-4668-BE54-9A1E7A4F7556}") = "notifier-slack", "notifier-slack\notifier-slack.csproj", "{B90C0C0A-7DD6-4A62-94FD-E6ED4A26D818}"
EndProject
Project("{9A19103F-16F7-4668-BE54-9A1E7A4F7556}") = "notifier-jira", "notifier-jira\notifier-jira.csproj", "{131D7EB2-FFEC-433E-A1F4-D224218D2A27}"
EndProject
Project("{9A19103F-16F7-4668-BE54-9A1E7A4F7556}") = "notifier-rocketchat", "notifier-rocketchat\notifier-rocketchat.csproj", "{C58290A0-573E-4A6C-9FB7-07A5C8B38322}"
EndProject
Project("{9A19103F-16F7-4668-BE54-9A1E7A4F7556}") = "notifier-gitlab", "notifier-gitlab\notifier-gitlab.csproj", "{45786AFD-861C-44D1-AB93-A92F98648E71}"
EndProject
Global
	GlobalSection(SolutionConfigurationPlatforms) = preSolution
		Debug|Any CPU = Debug|Any CPU
		Release|Any CPU = Release|Any CPU
	EndGlobalSection
	GlobalSection(ProjectConfigurationPlatforms) = postSolution
		{CDE19F10-DA38-4ED7-AFB2-3AC481B41335}.Debug|Any CPU.ActiveCfg = Debug|Any CPU
		{CDE19F10-DA38-4ED7-AFB2-3AC481B41335}.Debug|Any CPU.Build.0 = Debug|Any CPU
		{CDE19F10-DA38-4ED7-AFB2-3AC481B41335}.Release|Any CPU.ActiveCfg = Release|Any CPU
		{CDE19F10-DA38-4ED7-AFB2-3AC481B41335}.Release|Any CPU.Build.0 = Release|Any CPU
		{7DB10E46-5A6C-4122-AF87-B489AF519060}.Debug|Any CPU.ActiveCfg = Debug|Any CPU
		{7DB10E46-5A6C-4122-AF87-B489AF519060}.Debug|Any CPU.Build.0 = Debug|Any CPU
		{7DB10E46-5A6C-4122-AF87-B489AF519060}.Release|Any CPU.ActiveCfg = Release|Any CPU
		{7DB10E46-5A6C-4122-AF87-B489AF519060}.Release|Any CPU.Build.0 = Release|Any CPU
		{C9C5BBA7-20BC-49DA-80E4-4D45398F8DEB}.Debug|Any CPU.ActiveCfg = Debug|Any CPU
		{C9C5BBA7-20BC-49DA-80E4-4D45398F8DEB}.Debug|Any CPU.Build.0 = Debug|Any CPU
		{C9C5BBA7-20BC-49DA-80E4-4D45398F8DEB}.Release|Any CPU.ActiveCfg = Release|Any CPU
		{C9C5BBA7-20BC-49DA-80E4-4D45398F8DEB}.Release|Any CPU.Build.0 = Release|Any CPU
		{DF1E273C-0A17-4BC5-A2D8-182AE1704BFA}.Debug|Any CPU.ActiveCfg = Debug|Any CPU
		{DF1E273C-0A17-4BC5-A2D8-182AE1704BFA}.Debug|Any CPU.Build.0 = Debug|Any CPU
		{DF1E273C-0A17-4BC5-A2D8-182AE1704BFA}.Release|Any CPU.ActiveCfg = Release|Any CPU
		{DF1E273C-0A17-4BC5-A2D8-182AE1704BFA}.Release|Any CPU.Build.0 = Release|Any CPU
		{B90C0C0A-7DD6-4A62-94FD-E6ED4A26D818}.Debug|Any CPU.ActiveCfg = Debug|Any CPU
		{B90C0C0A-7DD6-4A62-94FD-E6ED4A26D818}.Debug|Any CPU.Build.0 = Debug|Any CPU
		{B90C0C0A-7DD6-4A62-94FD-E6ED4A26D818}.Release|Any CPU.ActiveCfg = Release|Any CPU
		{B90C0C0A-7DD6-4A62-94FD-E6ED4A26D818}.Release|Any CPU.Build.0 = Release|Any CPU
		{131D7EB2-FFEC-433E-A1F4-D224218D2A27}.Debug|Any CPU.ActiveCfg = Debug|Any CPU
		{131D7EB2-FFEC-433E-A1F4-D224218D2A27}.Debug|Any CPU.Build.0 = Debug|Any CPU
		{131D7EB2-FFEC-433E-A1F4-D224218D2A27}.Release|Any CPU.ActiveCfg = Release|Any CPU
		{131D7EB2-FFEC-433E-A1F4-D224218D2A27}.Release|Any CPU.Build.0 = Release|Any CPU
		{C58290A0-573E-4A6C-9FB7-07A5C8B38322}.Debug|Any CPU.ActiveCfg = Debug|Any CPU
		{C58290A0-573E-4A6C-9FB7-07A5C8B38322}.Debug|Any CPU.Build.0 = Debug|Any CPU
		{C58290A0-573E-4A6C-9FB7-07A5C8B38322}.Release|Any CPU.ActiveCfg = Release|Any CPU
		{C58290A0-573E-4A6C-9FB7-07A5C8B38322}.Release|Any CPU.Build.0 = Release|Any CPU
		{45786AFD-861C-44D1-AB93-A92F98648E71}.Debug|Any CPU.ActiveCfg = Debug|Any CPU
		{45786AFD-861C-44D1-AB93-A92F98648E71}.Debug|Any CPU.Build.0 = Debug|Any CPU
		{45786AFD-861C-44D1-AB93-A92F98648E71}.Release|Any CPU.ActiveCfg = Release|Any CPU
		{45786AFD-861C-44D1-AB93-A92F98648E71}.Release|Any CPU.Build.0 = Release|Any CPU
	EndGlobalSection
	GlobalSection(SolutionProperties) = preSolution
		HideSolutionNode = FALSE
	EndGlobalSection
	GlobalSection(ExtensibilityGlobals) = postSolution
		SolutionGuid = {97EF06DC-2EF0-4A6E-B2BA-1CF682FB5AF6}
	EndGlobalSection
EndGlobal
